// !$*UTF8*$!
{
	archiveVersion = 1;
	classes = {
	};
	objectVersion = 55;
	objects = {

/* Begin PBXBuildFile section */
		CE236AFE27F375A700D184C1 /* ImageService.swift in Sources */ = {isa = PBXBuildFile; fileRef = CE236AFD27F375A700D184C1 /* ImageService.swift */; };
		CE655FAB27E257AF004FAFD0 /* SignUpViewController.swift in Sources */ = {isa = PBXBuildFile; fileRef = CE655FAA27E257AF004FAFD0 /* SignUpViewController.swift */; };
		CE79A35427F48E2500587F7D /* SignInNavigationController.swift in Sources */ = {isa = PBXBuildFile; fileRef = CE79A35327F48E2500587F7D /* SignInNavigationController.swift */; };
		CE811AB327E61DAD000C5229 /* MainListNavigationController.swift in Sources */ = {isa = PBXBuildFile; fileRef = CE811AB227E61DAD000C5229 /* MainListNavigationController.swift */; };
		CE811AB527E88D16000C5229 /* MainListViewController.swift in Sources */ = {isa = PBXBuildFile; fileRef = CE811AB427E88D16000C5229 /* MainListViewController.swift */; };
		CE811ABB27E88FE9000C5229 /* ProfileViewCell.swift in Sources */ = {isa = PBXBuildFile; fileRef = CE811AB927E88FE9000C5229 /* ProfileViewCell.swift */; };
		CE811ABC27E88FE9000C5229 /* ProfileViewCell.xib in Resources */ = {isa = PBXBuildFile; fileRef = CE811ABA27E88FE9000C5229 /* ProfileViewCell.xib */; };
		CE811AC027E8AEC3000C5229 /* ProfileModel.swift in Sources */ = {isa = PBXBuildFile; fileRef = CE811ABF27E8AEC3000C5229 /* ProfileModel.swift */; };
		CE95D39527E8F0D8001791CB /* AddEditProfileViewController.swift in Sources */ = {isa = PBXBuildFile; fileRef = CE95D39427E8F0D8001791CB /* AddEditProfileViewController.swift */; };
		CED8518827C4F697005C5C9A /* SignInViewController.swift in Sources */ = {isa = PBXBuildFile; fileRef = CED8518727C4F697005C5C9A /* SignInViewController.swift */; };
		CED9D1E127F4B9000074185C /* Localizable.strings in Resources */ = {isa = PBXBuildFile; fileRef = CED9D1E027F4B9000074185C /* Localizable.strings */; };
		CED9D1E327F593EA0074185C /* UserModel.swift in Sources */ = {isa = PBXBuildFile; fileRef = CED9D1E227F593EA0074185C /* UserModel.swift */; };
		CED9D1E527F5947F0074185C /* AuthorizationService.swift in Sources */ = {isa = PBXBuildFile; fileRef = CED9D1E427F5947F0074185C /* AuthorizationService.swift */; };
		CEE1627227C385A80084B87C /* AppDelegate.swift in Sources */ = {isa = PBXBuildFile; fileRef = CEE1627127C385A80084B87C /* AppDelegate.swift */; };
		CEE1627427C385A80084B87C /* SceneDelegate.swift in Sources */ = {isa = PBXBuildFile; fileRef = CEE1627327C385A80084B87C /* SceneDelegate.swift */; };
		CEE1627927C385A80084B87C /* Main.storyboard in Resources */ = {isa = PBXBuildFile; fileRef = CEE1627727C385A80084B87C /* Main.storyboard */; };
		CEE1627B27C385AA0084B87C /* Assets.xcassets in Resources */ = {isa = PBXBuildFile; fileRef = CEE1627A27C385AA0084B87C /* Assets.xcassets */; };
		CEE1627E27C385AA0084B87C /* LaunchScreen.storyboard in Resources */ = {isa = PBXBuildFile; fileRef = CEE1627C27C385AA0084B87C /* LaunchScreen.storyboard */; };
		CEE1628927C385AB0084B87C /* ProfileBookSwiftTests.swift in Sources */ = {isa = PBXBuildFile; fileRef = CEE1628827C385AB0084B87C /* ProfileBookSwiftTests.swift */; };
		CEE1629327C385AB0084B87C /* ProfileBookSwiftUITests.swift in Sources */ = {isa = PBXBuildFile; fileRef = CEE1629227C385AB0084B87C /* ProfileBookSwiftUITests.swift */; };
		CEE1629527C385AB0084B87C /* ProfileBookSwiftUITestsLaunchTests.swift in Sources */ = {isa = PBXBuildFile; fileRef = CEE1629427C385AB0084B87C /* ProfileBookSwiftUITestsLaunchTests.swift */; };
		CEE4EEF227F19D930086BBDA /* SQLite in Frameworks */ = {isa = PBXBuildFile; productRef = CEE4EEF127F19D930086BBDA /* SQLite */; };
		CEE4EEF527F19F440086BBDA /* Database.swift in Sources */ = {isa = PBXBuildFile; fileRef = CEE4EEF427F19F440086BBDA /* Database.swift */; };
		CEE4EEF727F1A5110086BBDA /* ProfileService.swift in Sources */ = {isa = PBXBuildFile; fileRef = CEE4EEF627F1A5110086BBDA /* ProfileService.swift */; };
		CEEF324B27F70739009757E7 /* SettingsManager.swift in Sources */ = {isa = PBXBuildFile; fileRef = CEEF324A27F70739009757E7 /* SettingsManager.swift */; };
/* End PBXBuildFile section */

/* Begin PBXContainerItemProxy section */
		CEE1628527C385AB0084B87C /* PBXContainerItemProxy */ = {
			isa = PBXContainerItemProxy;
			containerPortal = CEE1626627C385A80084B87C /* Project object */;
			proxyType = 1;
			remoteGlobalIDString = CEE1626D27C385A80084B87C;
			remoteInfo = ProfileBookSwift;
		};
		CEE1628F27C385AB0084B87C /* PBXContainerItemProxy */ = {
			isa = PBXContainerItemProxy;
			containerPortal = CEE1626627C385A80084B87C /* Project object */;
			proxyType = 1;
			remoteGlobalIDString = CEE1626D27C385A80084B87C;
			remoteInfo = ProfileBookSwift;
		};
/* End PBXContainerItemProxy section */

/* Begin PBXFileReference section */
		CE236AFD27F375A700D184C1 /* ImageService.swift */ = {isa = PBXFileReference; lastKnownFileType = sourcecode.swift; path = ImageService.swift; sourceTree = "<group>"; };
		CE655FAA27E257AF004FAFD0 /* SignUpViewController.swift */ = {isa = PBXFileReference; lastKnownFileType = sourcecode.swift; path = SignUpViewController.swift; sourceTree = "<group>"; };
		CE79A35327F48E2500587F7D /* SignInNavigationController.swift */ = {isa = PBXFileReference; lastKnownFileType = sourcecode.swift; path = SignInNavigationController.swift; sourceTree = "<group>"; };
		CE811AB227E61DAD000C5229 /* MainListNavigationController.swift */ = {isa = PBXFileReference; lastKnownFileType = sourcecode.swift; path = MainListNavigationController.swift; sourceTree = "<group>"; };
		CE811AB427E88D16000C5229 /* MainListViewController.swift */ = {isa = PBXFileReference; lastKnownFileType = sourcecode.swift; path = MainListViewController.swift; sourceTree = "<group>"; };
		CE811AB927E88FE9000C5229 /* ProfileViewCell.swift */ = {isa = PBXFileReference; lastKnownFileType = sourcecode.swift; path = ProfileViewCell.swift; sourceTree = "<group>"; };
		CE811ABA27E88FE9000C5229 /* ProfileViewCell.xib */ = {isa = PBXFileReference; lastKnownFileType = file.xib; path = ProfileViewCell.xib; sourceTree = "<group>"; };
		CE811ABF27E8AEC3000C5229 /* ProfileModel.swift */ = {isa = PBXFileReference; lastKnownFileType = sourcecode.swift; path = ProfileModel.swift; sourceTree = "<group>"; };
		CE95D39427E8F0D8001791CB /* AddEditProfileViewController.swift */ = {isa = PBXFileReference; lastKnownFileType = sourcecode.swift; path = AddEditProfileViewController.swift; sourceTree = "<group>"; };
		CED8518727C4F697005C5C9A /* SignInViewController.swift */ = {isa = PBXFileReference; lastKnownFileType = sourcecode.swift; path = SignInViewController.swift; sourceTree = "<group>"; };
		CED9D1D427F4B0280074185C /* en */ = {isa = PBXFileReference; lastKnownFileType = text.plist.strings; name = en; path = en.lproj/Main.strings; sourceTree = "<group>"; };
		CED9D1E027F4B9000074185C /* Localizable.strings */ = {isa = PBXFileReference; lastKnownFileType = text.plist.strings; path = Localizable.strings; sourceTree = "<group>"; };
		CED9D1E227F593EA0074185C /* UserModel.swift */ = {isa = PBXFileReference; lastKnownFileType = sourcecode.swift; path = UserModel.swift; sourceTree = "<group>"; };
		CED9D1E427F5947F0074185C /* AuthorizationService.swift */ = {isa = PBXFileReference; lastKnownFileType = sourcecode.swift; path = AuthorizationService.swift; sourceTree = "<group>"; };
		CEE1626E27C385A80084B87C /* ProfileBookSwift.app */ = {isa = PBXFileReference; explicitFileType = wrapper.application; includeInIndex = 0; path = ProfileBookSwift.app; sourceTree = BUILT_PRODUCTS_DIR; };
		CEE1627127C385A80084B87C /* AppDelegate.swift */ = {isa = PBXFileReference; lastKnownFileType = sourcecode.swift; path = AppDelegate.swift; sourceTree = "<group>"; };
		CEE1627327C385A80084B87C /* SceneDelegate.swift */ = {isa = PBXFileReference; lastKnownFileType = sourcecode.swift; path = SceneDelegate.swift; sourceTree = "<group>"; };
		CEE1627827C385A80084B87C /* Base */ = {isa = PBXFileReference; lastKnownFileType = file.storyboard; name = Base; path = Base.lproj/Main.storyboard; sourceTree = "<group>"; };
		CEE1627A27C385AA0084B87C /* Assets.xcassets */ = {isa = PBXFileReference; lastKnownFileType = folder.assetcatalog; path = Assets.xcassets; sourceTree = "<group>"; };
		CEE1627D27C385AA0084B87C /* Base */ = {isa = PBXFileReference; lastKnownFileType = file.storyboard; name = Base; path = Base.lproj/LaunchScreen.storyboard; sourceTree = "<group>"; };
		CEE1627F27C385AA0084B87C /* Info.plist */ = {isa = PBXFileReference; lastKnownFileType = text.plist.xml; path = Info.plist; sourceTree = "<group>"; };
		CEE1628427C385AB0084B87C /* ProfileBookSwiftTests.xctest */ = {isa = PBXFileReference; explicitFileType = wrapper.cfbundle; includeInIndex = 0; path = ProfileBookSwiftTests.xctest; sourceTree = BUILT_PRODUCTS_DIR; };
		CEE1628827C385AB0084B87C /* ProfileBookSwiftTests.swift */ = {isa = PBXFileReference; lastKnownFileType = sourcecode.swift; path = ProfileBookSwiftTests.swift; sourceTree = "<group>"; };
		CEE1628E27C385AB0084B87C /* ProfileBookSwiftUITests.xctest */ = {isa = PBXFileReference; explicitFileType = wrapper.cfbundle; includeInIndex = 0; path = ProfileBookSwiftUITests.xctest; sourceTree = BUILT_PRODUCTS_DIR; };
		CEE1629227C385AB0084B87C /* ProfileBookSwiftUITests.swift */ = {isa = PBXFileReference; lastKnownFileType = sourcecode.swift; path = ProfileBookSwiftUITests.swift; sourceTree = "<group>"; };
		CEE1629427C385AB0084B87C /* ProfileBookSwiftUITestsLaunchTests.swift */ = {isa = PBXFileReference; lastKnownFileType = sourcecode.swift; path = ProfileBookSwiftUITestsLaunchTests.swift; sourceTree = "<group>"; };
		CEE4EEF427F19F440086BBDA /* Database.swift */ = {isa = PBXFileReference; lastKnownFileType = sourcecode.swift; path = Database.swift; sourceTree = "<group>"; };
		CEE4EEF627F1A5110086BBDA /* ProfileService.swift */ = {isa = PBXFileReference; lastKnownFileType = sourcecode.swift; path = ProfileService.swift; sourceTree = "<group>"; };
		CEEF324A27F70739009757E7 /* SettingsManager.swift */ = {isa = PBXFileReference; lastKnownFileType = sourcecode.swift; path = SettingsManager.swift; sourceTree = "<group>"; };
/* End PBXFileReference section */

/* Begin PBXFrameworksBuildPhase section */
		CEE1626B27C385A80084B87C /* Frameworks */ = {
			isa = PBXFrameworksBuildPhase;
			buildActionMask = 2147483647;
			files = (
				CEE4EEF227F19D930086BBDA /* SQLite in Frameworks */,
			);
			runOnlyForDeploymentPostprocessing = 0;
		};
		CEE1628127C385AB0084B87C /* Frameworks */ = {
			isa = PBXFrameworksBuildPhase;
			buildActionMask = 2147483647;
			files = (
			);
			runOnlyForDeploymentPostprocessing = 0;
		};
		CEE1628B27C385AB0084B87C /* Frameworks */ = {
			isa = PBXFrameworksBuildPhase;
			buildActionMask = 2147483647;
			files = (
			);
			runOnlyForDeploymentPostprocessing = 0;
		};
/* End PBXFrameworksBuildPhase section */

/* Begin PBXGroup section */
		CE811AB627E88F2C000C5229 /* ViewCells */ = {
			isa = PBXGroup;
			children = (
				CE811AB927E88FE9000C5229 /* ProfileViewCell.swift */,
				CE811ABA27E88FE9000C5229 /* ProfileViewCell.xib */,
			);
			path = ViewCells;
			sourceTree = "<group>";
		};
		CE811ABE27E8AE98000C5229 /* Models */ = {
			isa = PBXGroup;
			children = (
				CE811ABF27E8AEC3000C5229 /* ProfileModel.swift */,
				CED9D1E227F593EA0074185C /* UserModel.swift */,
			);
			path = Models;
			sourceTree = "<group>";
		};
		CED8518627C4F64E005C5C9A /* ViewConrollers */ = {
			isa = PBXGroup;
			children = (
				CED8518727C4F697005C5C9A /* SignInViewController.swift */,
				CE655FAA27E257AF004FAFD0 /* SignUpViewController.swift */,
				CE811AB227E61DAD000C5229 /* MainListNavigationController.swift */,
				CE811AB427E88D16000C5229 /* MainListViewController.swift */,
				CE95D39427E8F0D8001791CB /* AddEditProfileViewController.swift */,
				CE79A35327F48E2500587F7D /* SignInNavigationController.swift */,
			);
			path = ViewConrollers;
			sourceTree = "<group>";
		};
		CED9D1D527F4B5050074185C /* Resources */ = {
			isa = PBXGroup;
			children = (
				CED9D1D627F4B53B0074185C /* Strings */,
			);
			path = Resources;
			sourceTree = "<group>";
		};
		CED9D1D627F4B53B0074185C /* Strings */ = {
			isa = PBXGroup;
			children = (
				CED9D1E027F4B9000074185C /* Localizable.strings */,
			);
			path = Strings;
			sourceTree = "<group>";
		};
		CEE1626527C385A80084B87C = {
			isa = PBXGroup;
			children = (
				CEE1627027C385A80084B87C /* ProfileBookSwift */,
				CEE1628727C385AB0084B87C /* ProfileBookSwiftTests */,
				CEE1629127C385AB0084B87C /* ProfileBookSwiftUITests */,
				CEE1626F27C385A80084B87C /* Products */,
			);
			sourceTree = "<group>";
		};
		CEE1626F27C385A80084B87C /* Products */ = {
			isa = PBXGroup;
			children = (
				CEE1626E27C385A80084B87C /* ProfileBookSwift.app */,
				CEE1628427C385AB0084B87C /* ProfileBookSwiftTests.xctest */,
				CEE1628E27C385AB0084B87C /* ProfileBookSwiftUITests.xctest */,
			);
			name = Products;
			sourceTree = "<group>";
		};
		CEE1627027C385A80084B87C /* ProfileBookSwift */ = {
			isa = PBXGroup;
			children = (
				CED9D1D527F4B5050074185C /* Resources */,
				CEE4EEF327F19F0C0086BBDA /* Services */,
				CE811ABE27E8AE98000C5229 /* Models */,
				CE811AB627E88F2C000C5229 /* ViewCells */,
				CED8518627C4F64E005C5C9A /* ViewConrollers */,
				CEE1627127C385A80084B87C /* AppDelegate.swift */,
				CEE1627327C385A80084B87C /* SceneDelegate.swift */,
				CEE1627727C385A80084B87C /* Main.storyboard */,
				CEE1627A27C385AA0084B87C /* Assets.xcassets */,
				CEE1627C27C385AA0084B87C /* LaunchScreen.storyboard */,
				CEE1627F27C385AA0084B87C /* Info.plist */,
			);
			path = ProfileBookSwift;
			sourceTree = "<group>";
		};
		CEE1628727C385AB0084B87C /* ProfileBookSwiftTests */ = {
			isa = PBXGroup;
			children = (
				CEE1628827C385AB0084B87C /* ProfileBookSwiftTests.swift */,
			);
			path = ProfileBookSwiftTests;
			sourceTree = "<group>";
		};
		CEE1629127C385AB0084B87C /* ProfileBookSwiftUITests */ = {
			isa = PBXGroup;
			children = (
				CEE1629227C385AB0084B87C /* ProfileBookSwiftUITests.swift */,
				CEE1629427C385AB0084B87C /* ProfileBookSwiftUITestsLaunchTests.swift */,
			);
			path = ProfileBookSwiftUITests;
			sourceTree = "<group>";
		};
		CEE4EEF327F19F0C0086BBDA /* Services */ = {
			isa = PBXGroup;
			children = (
				CEE4EEF427F19F440086BBDA /* Database.swift */,
				CEE4EEF627F1A5110086BBDA /* ProfileService.swift */,
				CE236AFD27F375A700D184C1 /* ImageService.swift */,
				CED9D1E427F5947F0074185C /* AuthorizationService.swift */,
				CEEF324A27F70739009757E7 /* SettingsManager.swift */,
			);
			path = Services;
			sourceTree = "<group>";
		};
/* End PBXGroup section */

/* Begin PBXNativeTarget section */
		CEE1626D27C385A80084B87C /* ProfileBookSwift */ = {
			isa = PBXNativeTarget;
			buildConfigurationList = CEE1629827C385AB0084B87C /* Build configuration list for PBXNativeTarget "ProfileBookSwift" */;
			buildPhases = (
				CEE1626A27C385A80084B87C /* Sources */,
				CEE1626B27C385A80084B87C /* Frameworks */,
				CEE1626C27C385A80084B87C /* Resources */,
			);
			buildRules = (
			);
			dependencies = (
			);
			name = ProfileBookSwift;
			packageProductDependencies = (
				CEE4EEF127F19D930086BBDA /* SQLite */,
			);
			productName = ProfileBookSwift;
			productReference = CEE1626E27C385A80084B87C /* ProfileBookSwift.app */;
			productType = "com.apple.product-type.application";
		};
		CEE1628327C385AB0084B87C /* ProfileBookSwiftTests */ = {
			isa = PBXNativeTarget;
			buildConfigurationList = CEE1629B27C385AB0084B87C /* Build configuration list for PBXNativeTarget "ProfileBookSwiftTests" */;
			buildPhases = (
				CEE1628027C385AB0084B87C /* Sources */,
				CEE1628127C385AB0084B87C /* Frameworks */,
				CEE1628227C385AB0084B87C /* Resources */,
			);
			buildRules = (
			);
			dependencies = (
				CEE1628627C385AB0084B87C /* PBXTargetDependency */,
			);
			name = ProfileBookSwiftTests;
			productName = ProfileBookSwiftTests;
			productReference = CEE1628427C385AB0084B87C /* ProfileBookSwiftTests.xctest */;
			productType = "com.apple.product-type.bundle.unit-test";
		};
		CEE1628D27C385AB0084B87C /* ProfileBookSwiftUITests */ = {
			isa = PBXNativeTarget;
			buildConfigurationList = CEE1629E27C385AB0084B87C /* Build configuration list for PBXNativeTarget "ProfileBookSwiftUITests" */;
			buildPhases = (
				CEE1628A27C385AB0084B87C /* Sources */,
				CEE1628B27C385AB0084B87C /* Frameworks */,
				CEE1628C27C385AB0084B87C /* Resources */,
			);
			buildRules = (
			);
			dependencies = (
				CEE1629027C385AB0084B87C /* PBXTargetDependency */,
			);
			name = ProfileBookSwiftUITests;
			productName = ProfileBookSwiftUITests;
			productReference = CEE1628E27C385AB0084B87C /* ProfileBookSwiftUITests.xctest */;
			productType = "com.apple.product-type.bundle.ui-testing";
		};
/* End PBXNativeTarget section */

/* Begin PBXProject section */
		CEE1626627C385A80084B87C /* Project object */ = {
			isa = PBXProject;
			attributes = {
				BuildIndependentTargetsInParallel = 1;
				LastSwiftUpdateCheck = 1320;
				LastUpgradeCheck = 1320;
				TargetAttributes = {
					CEE1626D27C385A80084B87C = {
						CreatedOnToolsVersion = 13.2;
					};
					CEE1628327C385AB0084B87C = {
						CreatedOnToolsVersion = 13.2;
						TestTargetID = CEE1626D27C385A80084B87C;
					};
					CEE1628D27C385AB0084B87C = {
						CreatedOnToolsVersion = 13.2;
						TestTargetID = CEE1626D27C385A80084B87C;
					};
				};
			};
			buildConfigurationList = CEE1626927C385A80084B87C /* Build configuration list for PBXProject "ProfileBookSwift" */;
			compatibilityVersion = "Xcode 13.0";
			developmentRegion = en;
			hasScannedForEncodings = 0;
			knownRegions = (
				en,
				Base,
			);
			mainGroup = CEE1626527C385A80084B87C;
			packageReferences = (
				CEE4EEF027F19D930086BBDA /* XCRemoteSwiftPackageReference "SQLite" */,
			);
			productRefGroup = CEE1626F27C385A80084B87C /* Products */;
			projectDirPath = "";
			projectRoot = "";
			targets = (
				CEE1626D27C385A80084B87C /* ProfileBookSwift */,
				CEE1628327C385AB0084B87C /* ProfileBookSwiftTests */,
				CEE1628D27C385AB0084B87C /* ProfileBookSwiftUITests */,
			);
		};
/* End PBXProject section */

/* Begin PBXResourcesBuildPhase section */
		CEE1626C27C385A80084B87C /* Resources */ = {
			isa = PBXResourcesBuildPhase;
			buildActionMask = 2147483647;
			files = (
				CED9D1E127F4B9000074185C /* Localizable.strings in Resources */,
				CE811ABC27E88FE9000C5229 /* ProfileViewCell.xib in Resources */,
				CEE1627E27C385AA0084B87C /* LaunchScreen.storyboard in Resources */,
				CEE1627B27C385AA0084B87C /* Assets.xcassets in Resources */,
				CEE1627927C385A80084B87C /* Main.storyboard in Resources */,
			);
			runOnlyForDeploymentPostprocessing = 0;
		};
		CEE1628227C385AB0084B87C /* Resources */ = {
			isa = PBXResourcesBuildPhase;
			buildActionMask = 2147483647;
			files = (
			);
			runOnlyForDeploymentPostprocessing = 0;
		};
		CEE1628C27C385AB0084B87C /* Resources */ = {
			isa = PBXResourcesBuildPhase;
			buildActionMask = 2147483647;
			files = (
			);
			runOnlyForDeploymentPostprocessing = 0;
		};
/* End PBXResourcesBuildPhase section */

/* Begin PBXSourcesBuildPhase section */
		CEE1626A27C385A80084B87C /* Sources */ = {
			isa = PBXSourcesBuildPhase;
			buildActionMask = 2147483647;
			files = (
				CE811ABB27E88FE9000C5229 /* ProfileViewCell.swift in Sources */,
				CE79A35427F48E2500587F7D /* SignInNavigationController.swift in Sources */,
				CEE4EEF527F19F440086BBDA /* Database.swift in Sources */,
				CEE1627227C385A80084B87C /* AppDelegate.swift in Sources */,
				CEE1627427C385A80084B87C /* SceneDelegate.swift in Sources */,
				CE655FAB27E257AF004FAFD0 /* SignUpViewController.swift in Sources */,
				CE236AFE27F375A700D184C1 /* ImageService.swift in Sources */,
				CE811AB527E88D16000C5229 /* MainListViewController.swift in Sources */,
				CED9D1E327F593EA0074185C /* UserModel.swift in Sources */,
				CE811AB327E61DAD000C5229 /* MainListNavigationController.swift in Sources */,
				CED8518827C4F697005C5C9A /* SignInViewController.swift in Sources */,
				CED9D1E527F5947F0074185C /* AuthorizationService.swift in Sources */,
				CEEF324B27F70739009757E7 /* SettingsManager.swift in Sources */,
				CE811AC027E8AEC3000C5229 /* ProfileModel.swift in Sources */,
				CE95D39527E8F0D8001791CB /* AddEditProfileViewController.swift in Sources */,
				CEE4EEF727F1A5110086BBDA /* ProfileService.swift in Sources */,
			);
			runOnlyForDeploymentPostprocessing = 0;
		};
		CEE1628027C385AB0084B87C /* Sources */ = {
			isa = PBXSourcesBuildPhase;
			buildActionMask = 2147483647;
			files = (
				CEE1628927C385AB0084B87C /* ProfileBookSwiftTests.swift in Sources */,
			);
			runOnlyForDeploymentPostprocessing = 0;
		};
		CEE1628A27C385AB0084B87C /* Sources */ = {
			isa = PBXSourcesBuildPhase;
			buildActionMask = 2147483647;
			files = (
				CEE1629327C385AB0084B87C /* ProfileBookSwiftUITests.swift in Sources */,
				CEE1629527C385AB0084B87C /* ProfileBookSwiftUITestsLaunchTests.swift in Sources */,
			);
			runOnlyForDeploymentPostprocessing = 0;
		};
/* End PBXSourcesBuildPhase section */

/* Begin PBXTargetDependency section */
		CEE1628627C385AB0084B87C /* PBXTargetDependency */ = {
			isa = PBXTargetDependency;
			target = CEE1626D27C385A80084B87C /* ProfileBookSwift */;
			targetProxy = CEE1628527C385AB0084B87C /* PBXContainerItemProxy */;
		};
		CEE1629027C385AB0084B87C /* PBXTargetDependency */ = {
			isa = PBXTargetDependency;
			target = CEE1626D27C385A80084B87C /* ProfileBookSwift */;
			targetProxy = CEE1628F27C385AB0084B87C /* PBXContainerItemProxy */;
		};
/* End PBXTargetDependency section */

/* Begin PBXVariantGroup section */
		CEE1627727C385A80084B87C /* Main.storyboard */ = {
			isa = PBXVariantGroup;
			children = (
				CEE1627827C385A80084B87C /* Base */,
				CED9D1D427F4B0280074185C /* en */,
			);
			name = Main.storyboard;
			sourceTree = "<group>";
		};
		CEE1627C27C385AA0084B87C /* LaunchScreen.storyboard */ = {
			isa = PBXVariantGroup;
			children = (
				CEE1627D27C385AA0084B87C /* Base */,
			);
			name = LaunchScreen.storyboard;
			sourceTree = "<group>";
		};
/* End PBXVariantGroup section */

/* Begin XCBuildConfiguration section */
		CEE1629627C385AB0084B87C /* Debug */ = {
			isa = XCBuildConfiguration;
			buildSettings = {
				ALWAYS_SEARCH_USER_PATHS = NO;
				CLANG_ANALYZER_NONNULL = YES;
				CLANG_ANALYZER_NUMBER_OBJECT_CONVERSION = YES_AGGRESSIVE;
				CLANG_CXX_LANGUAGE_STANDARD = "gnu++17";
				CLANG_CXX_LIBRARY = "libc++";
				CLANG_ENABLE_MODULES = YES;
				CLANG_ENABLE_OBJC_ARC = YES;
				CLANG_ENABLE_OBJC_WEAK = YES;
				CLANG_WARN_BLOCK_CAPTURE_AUTORELEASING = YES;
				CLANG_WARN_BOOL_CONVERSION = YES;
				CLANG_WARN_COMMA = YES;
				CLANG_WARN_CONSTANT_CONVERSION = YES;
				CLANG_WARN_DEPRECATED_OBJC_IMPLEMENTATIONS = YES;
				CLANG_WARN_DIRECT_OBJC_ISA_USAGE = YES_ERROR;
				CLANG_WARN_DOCUMENTATION_COMMENTS = YES;
				CLANG_WARN_EMPTY_BODY = YES;
				CLANG_WARN_ENUM_CONVERSION = YES;
				CLANG_WARN_INFINITE_RECURSION = YES;
				CLANG_WARN_INT_CONVERSION = YES;
				CLANG_WARN_NON_LITERAL_NULL_CONVERSION = YES;
				CLANG_WARN_OBJC_IMPLICIT_RETAIN_SELF = YES;
				CLANG_WARN_OBJC_LITERAL_CONVERSION = YES;
				CLANG_WARN_OBJC_ROOT_CLASS = YES_ERROR;
				CLANG_WARN_QUOTED_INCLUDE_IN_FRAMEWORK_HEADER = YES;
				CLANG_WARN_RANGE_LOOP_ANALYSIS = YES;
				CLANG_WARN_STRICT_PROTOTYPES = YES;
				CLANG_WARN_SUSPICIOUS_MOVE = YES;
				CLANG_WARN_UNGUARDED_AVAILABILITY = YES_AGGRESSIVE;
				CLANG_WARN_UNREACHABLE_CODE = YES;
				CLANG_WARN__DUPLICATE_METHOD_MATCH = YES;
				COPY_PHASE_STRIP = NO;
				DEBUG_INFORMATION_FORMAT = dwarf;
				ENABLE_STRICT_OBJC_MSGSEND = YES;
				ENABLE_TESTABILITY = YES;
				GCC_C_LANGUAGE_STANDARD = gnu11;
				GCC_DYNAMIC_NO_PIC = NO;
				GCC_NO_COMMON_BLOCKS = YES;
				GCC_OPTIMIZATION_LEVEL = 0;
				GCC_PREPROCESSOR_DEFINITIONS = (
					"DEBUG=1",
					"$(inherited)",
				);
				GCC_WARN_64_TO_32_BIT_CONVERSION = YES;
				GCC_WARN_ABOUT_RETURN_TYPE = YES_ERROR;
				GCC_WARN_UNDECLARED_SELECTOR = YES;
				GCC_WARN_UNINITIALIZED_AUTOS = YES_AGGRESSIVE;
				GCC_WARN_UNUSED_FUNCTION = YES;
				GCC_WARN_UNUSED_VARIABLE = YES;
				IPHONEOS_DEPLOYMENT_TARGET = 15.2;
				MTL_ENABLE_DEBUG_INFO = INCLUDE_SOURCE;
				MTL_FAST_MATH = YES;
				ONLY_ACTIVE_ARCH = YES;
				SDKROOT = iphoneos;
				SWIFT_ACTIVE_COMPILATION_CONDITIONS = DEBUG;
				SWIFT_OPTIMIZATION_LEVEL = "-Onone";
			};
			name = Debug;
		};
		CEE1629727C385AB0084B87C /* Release */ = {
			isa = XCBuildConfiguration;
			buildSettings = {
				ALWAYS_SEARCH_USER_PATHS = NO;
				CLANG_ANALYZER_NONNULL = YES;
				CLANG_ANALYZER_NUMBER_OBJECT_CONVERSION = YES_AGGRESSIVE;
				CLANG_CXX_LANGUAGE_STANDARD = "gnu++17";
				CLANG_CXX_LIBRARY = "libc++";
				CLANG_ENABLE_MODULES = YES;
				CLANG_ENABLE_OBJC_ARC = YES;
				CLANG_ENABLE_OBJC_WEAK = YES;
				CLANG_WARN_BLOCK_CAPTURE_AUTORELEASING = YES;
				CLANG_WARN_BOOL_CONVERSION = YES;
				CLANG_WARN_COMMA = YES;
				CLANG_WARN_CONSTANT_CONVERSION = YES;
				CLANG_WARN_DEPRECATED_OBJC_IMPLEMENTATIONS = YES;
				CLANG_WARN_DIRECT_OBJC_ISA_USAGE = YES_ERROR;
				CLANG_WARN_DOCUMENTATION_COMMENTS = YES;
				CLANG_WARN_EMPTY_BODY = YES;
				CLANG_WARN_ENUM_CONVERSION = YES;
				CLANG_WARN_INFINITE_RECURSION = YES;
				CLANG_WARN_INT_CONVERSION = YES;
				CLANG_WARN_NON_LITERAL_NULL_CONVERSION = YES;
				CLANG_WARN_OBJC_IMPLICIT_RETAIN_SELF = YES;
				CLANG_WARN_OBJC_LITERAL_CONVERSION = YES;
				CLANG_WARN_OBJC_ROOT_CLASS = YES_ERROR;
				CLANG_WARN_QUOTED_INCLUDE_IN_FRAMEWORK_HEADER = YES;
				CLANG_WARN_RANGE_LOOP_ANALYSIS = YES;
				CLANG_WARN_STRICT_PROTOTYPES = YES;
				CLANG_WARN_SUSPICIOUS_MOVE = YES;
				CLANG_WARN_UNGUARDED_AVAILABILITY = YES_AGGRESSIVE;
				CLANG_WARN_UNREACHABLE_CODE = YES;
				CLANG_WARN__DUPLICATE_METHOD_MATCH = YES;
				COPY_PHASE_STRIP = NO;
				DEBUG_INFORMATION_FORMAT = "dwarf-with-dsym";
				ENABLE_NS_ASSERTIONS = NO;
				ENABLE_STRICT_OBJC_MSGSEND = YES;
				GCC_C_LANGUAGE_STANDARD = gnu11;
				GCC_NO_COMMON_BLOCKS = YES;
				GCC_WARN_64_TO_32_BIT_CONVERSION = YES;
				GCC_WARN_ABOUT_RETURN_TYPE = YES_ERROR;
				GCC_WARN_UNDECLARED_SELECTOR = YES;
				GCC_WARN_UNINITIALIZED_AUTOS = YES_AGGRESSIVE;
				GCC_WARN_UNUSED_FUNCTION = YES;
				GCC_WARN_UNUSED_VARIABLE = YES;
				IPHONEOS_DEPLOYMENT_TARGET = 15.2;
				MTL_ENABLE_DEBUG_INFO = NO;
				MTL_FAST_MATH = YES;
				SDKROOT = iphoneos;
				SWIFT_COMPILATION_MODE = wholemodule;
				SWIFT_OPTIMIZATION_LEVEL = "-O";
				VALIDATE_PRODUCT = YES;
			};
			name = Release;
		};
		CEE1629927C385AB0084B87C /* Debug */ = {
			isa = XCBuildConfiguration;
			buildSettings = {
				ASSETCATALOG_COMPILER_APPICON_NAME = AppIcon;
				ASSETCATALOG_COMPILER_GLOBAL_ACCENT_COLOR_NAME = AccentColor;
				CODE_SIGN_STYLE = Automatic;
				CURRENT_PROJECT_VERSION = 1;
				GENERATE_INFOPLIST_FILE = YES;
				INFOPLIST_FILE = ProfileBookSwift/Info.plist;
				INFOPLIST_KEY_UIApplicationSupportsIndirectInputEvents = YES;
				INFOPLIST_KEY_UILaunchStoryboardName = LaunchScreen;
				INFOPLIST_KEY_UIMainStoryboardFile = Main;
				INFOPLIST_KEY_UISupportedInterfaceOrientations = UIInterfaceOrientationPortrait;
				INFOPLIST_KEY_UISupportedInterfaceOrientations_iPad = "UIInterfaceOrientationPortrait UIInterfaceOrientationPortraitUpsideDown UIInterfaceOrientationLandscapeLeft UIInterfaceOrientationLandscapeRight";
				INFOPLIST_KEY_UISupportedInterfaceOrientations_iPhone = "UIInterfaceOrientationPortrait UIInterfaceOrientationLandscapeLeft UIInterfaceOrientationLandscapeRight";
				IPHONEOS_DEPLOYMENT_TARGET = 15.2;
				LD_RUNPATH_SEARCH_PATHS = (
					"$(inherited)",
					"@executable_path/Frameworks",
				);
				MARKETING_VERSION = 1.0;
				PRODUCT_BUNDLE_IDENTIFIER = EvgeniySeletkov.ProfileBookSwift;
				PRODUCT_NAME = "$(TARGET_NAME)";
				SWIFT_EMIT_LOC_STRINGS = YES;
				SWIFT_VERSION = 5.0;
				TARGETED_DEVICE_FAMILY = 1;
			};
			name = Debug;
		};
		CEE1629A27C385AB0084B87C /* Release */ = {
			isa = XCBuildConfiguration;
			buildSettings = {
				ASSETCATALOG_COMPILER_APPICON_NAME = AppIcon;
				ASSETCATALOG_COMPILER_GLOBAL_ACCENT_COLOR_NAME = AccentColor;
				CODE_SIGN_STYLE = Automatic;
				CURRENT_PROJECT_VERSION = 1;
				GENERATE_INFOPLIST_FILE = YES;
				INFOPLIST_FILE = ProfileBookSwift/Info.plist;
				INFOPLIST_KEY_UIApplicationSupportsIndirectInputEvents = YES;
				INFOPLIST_KEY_UILaunchStoryboardName = LaunchScreen;
				INFOPLIST_KEY_UIMainStoryboardFile = Main;
				INFOPLIST_KEY_UISupportedInterfaceOrientations = UIInterfaceOrientationPortrait;
				INFOPLIST_KEY_UISupportedInterfaceOrientations_iPad = "UIInterfaceOrientationPortrait UIInterfaceOrientationPortraitUpsideDown UIInterfaceOrientationLandscapeLeft UIInterfaceOrientationLandscapeRight";
				INFOPLIST_KEY_UISupportedInterfaceOrientations_iPhone = "UIInterfaceOrientationPortrait UIInterfaceOrientationLandscapeLeft UIInterfaceOrientationLandscapeRight";
				IPHONEOS_DEPLOYMENT_TARGET = 15.2;
				LD_RUNPATH_SEARCH_PATHS = (
					"$(inherited)",
					"@executable_path/Frameworks",
				);
				MARKETING_VERSION = 1.0;
				PRODUCT_BUNDLE_IDENTIFIER = EvgeniySeletkov.ProfileBookSwift;
				PRODUCT_NAME = "$(TARGET_NAME)";
				SWIFT_EMIT_LOC_STRINGS = YES;
				SWIFT_VERSION = 5.0;
				TARGETED_DEVICE_FAMILY = 1;
			};
			name = Release;
		};
		CEE1629C27C385AB0084B87C /* Debug */ = {
			isa = XCBuildConfiguration;
			buildSettings = {
				ALWAYS_EMBED_SWIFT_STANDARD_LIBRARIES = YES;
				BUNDLE_LOADER = "$(TEST_HOST)";
				CODE_SIGN_STYLE = Automatic;
				CURRENT_PROJECT_VERSION = 1;
				GENERATE_INFOPLIST_FILE = YES;
				IPHONEOS_DEPLOYMENT_TARGET = 15.2;
				MARKETING_VERSION = 1.0;
				PRODUCT_BUNDLE_IDENTIFIER = EvgeniySeletkov.ProfileBookSwiftTests;
				PRODUCT_NAME = "$(TARGET_NAME)";
				SWIFT_EMIT_LOC_STRINGS = NO;
				SWIFT_VERSION = 5.0;
				TARGETED_DEVICE_FAMILY = "1,2";
				TEST_HOST = "$(BUILT_PRODUCTS_DIR)/ProfileBookSwift.app/ProfileBookSwift";
			};
			name = Debug;
		};
		CEE1629D27C385AB0084B87C /* Release */ = {
			isa = XCBuildConfiguration;
			buildSettings = {
				ALWAYS_EMBED_SWIFT_STANDARD_LIBRARIES = YES;
				BUNDLE_LOADER = "$(TEST_HOST)";
				CODE_SIGN_STYLE = Automatic;
				CURRENT_PROJECT_VERSION = 1;
				GENERATE_INFOPLIST_FILE = YES;
				IPHONEOS_DEPLOYMENT_TARGET = 15.2;
				MARKETING_VERSION = 1.0;
				PRODUCT_BUNDLE_IDENTIFIER = EvgeniySeletkov.ProfileBookSwiftTests;
				PRODUCT_NAME = "$(TARGET_NAME)";
				SWIFT_EMIT_LOC_STRINGS = NO;
				SWIFT_VERSION = 5.0;
				TARGETED_DEVICE_FAMILY = "1,2";
				TEST_HOST = "$(BUILT_PRODUCTS_DIR)/ProfileBookSwift.app/ProfileBookSwift";
			};
			name = Release;
		};
		CEE1629F27C385AB0084B87C /* Debug */ = {
			isa = XCBuildConfiguration;
			buildSettings = {
				ALWAYS_EMBED_SWIFT_STANDARD_LIBRARIES = YES;
				CODE_SIGN_STYLE = Automatic;
				CURRENT_PROJECT_VERSION = 1;
				GENERATE_INFOPLIST_FILE = YES;
				MARKETING_VERSION = 1.0;
				PRODUCT_BUNDLE_IDENTIFIER = EvgeniySeletkov.ProfileBookSwiftUITests;
				PRODUCT_NAME = "$(TARGET_NAME)";
				SWIFT_EMIT_LOC_STRINGS = NO;
				SWIFT_VERSION = 5.0;
				TARGETED_DEVICE_FAMILY = "1,2";
				TEST_TARGET_NAME = ProfileBookSwift;
			};
			name = Debug;
		};
		CEE162A027C385AB0084B87C /* Release */ = {
			isa = XCBuildConfiguration;
			buildSettings = {
				ALWAYS_EMBED_SWIFT_STANDARD_LIBRARIES = YES;
				CODE_SIGN_STYLE = Automatic;
				CURRENT_PROJECT_VERSION = 1;
				GENERATE_INFOPLIST_FILE = YES;
				MARKETING_VERSION = 1.0;
				PRODUCT_BUNDLE_IDENTIFIER = EvgeniySeletkov.ProfileBookSwiftUITests;
				PRODUCT_NAME = "$(TARGET_NAME)";
				SWIFT_EMIT_LOC_STRINGS = NO;
				SWIFT_VERSION = 5.0;
				TARGETED_DEVICE_FAMILY = "1,2";
				TEST_TARGET_NAME = ProfileBookSwift;
			};
			name = Release;
		};
/* End XCBuildConfiguration section */

/* Begin XCConfigurationList section */
		CEE1626927C385A80084B87C /* Build configuration list for PBXProject "ProfileBookSwift" */ = {
			isa = XCConfigurationList;
			buildConfigurations = (
				CEE1629627C385AB0084B87C /* Debug */,
				CEE1629727C385AB0084B87C /* Release */,
			);
			defaultConfigurationIsVisible = 0;
			defaultConfigurationName = Release;
		};
		CEE1629827C385AB0084B87C /* Build configuration list for PBXNativeTarget "ProfileBookSwift" */ = {
			isa = XCConfigurationList;
			buildConfigurations = (
				CEE1629927C385AB0084B87C /* Debug */,
				CEE1629A27C385AB0084B87C /* Release */,
			);
			defaultConfigurationIsVisible = 0;
			defaultConfigurationName = Release;
		};
		CEE1629B27C385AB0084B87C /* Build configuration list for PBXNativeTarget "ProfileBookSwiftTests" */ = {
			isa = XCConfigurationList;
			buildConfigurations = (
				CEE1629C27C385AB0084B87C /* Debug */,
				CEE1629D27C385AB0084B87C /* Release */,
			);
			defaultConfigurationIsVisible = 0;
			defaultConfigurationName = Release;
		};
		CEE1629E27C385AB0084B87C /* Build configuration list for PBXNativeTarget "ProfileBookSwiftUITests" */ = {
			isa = XCConfigurationList;
			buildConfigurations = (
				CEE1629F27C385AB0084B87C /* Debug */,
				CEE162A027C385AB0084B87C /* Release */,
			);
			defaultConfigurationIsVisible = 0;
			defaultConfigurationName = Release;
		};
/* End XCConfigurationList section */

/* Begin XCRemoteSwiftPackageReference section */
		CEE4EEF027F19D930086BBDA /* XCRemoteSwiftPackageReference "SQLite" */ = {
			isa = XCRemoteSwiftPackageReference;
			repositoryURL = "https://github.com/stephencelis/SQLite.swift";
			requirement = {
				kind = upToNextMajorVersion;
				minimumVersion = 0.9.2;
			};
		};
/* End XCRemoteSwiftPackageReference section */

/* Begin XCSwiftPackageProductDependency section */
		CEE4EEF127F19D930086BBDA /* SQLite */ = {
			isa = XCSwiftPackageProductDependency;
			package = CEE4EEF027F19D930086BBDA /* XCRemoteSwiftPackageReference "SQLite" */;
			productName = SQLite;
		};
/* End XCSwiftPackageProductDependency section */
	};
	rootObject = CEE1626627C385A80084B87C /* Project object */;
}
